
Microsoft Visual Studio Solution File, Format Version 12.00
# Visual Studio Version 17
VisualStudioVersion = 17.11.35222.181
MinimumVisualStudioVersion = 10.0.40219.1
Project("{9A19103F-16F7-4668-BE54-9A1E7A4F7556}") = "ShopEzy", "ShopEzy\ShopEzy.csproj", "{3DCE7FA0-7F1E-4915-8E1C-FAE0BBA99E8D}"
EndProject
Project("{9A19103F-16F7-4668-BE54-9A1E7A4F7556}") = "ShopEzyUnitTestProject", "ShopEzyUnitTestProject\ShopEzyUnitTestProject.csproj", "{1B2B93E4-BC2C-4A04-91E7-A1A162E21080}"
EndProject
Project("{FAE04EC0-301F-11D3-BF4B-00C04F79EFBC}") = "ShopEzyAutomationTest", "ShopEzyAutomationTest\ShopEzyAutomationTest.csproj", "{4AAAA83C-BEB3-41C1-AF2C-DC460945104E}"
EndProject
Global
	GlobalSection(SolutionConfigurationPlatforms) = preSolution
		Debug|Any CPU = Debug|Any CPU
		Release|Any CPU = Release|Any CPU
	EndGlobalSection
	GlobalSection(ProjectConfigurationPlatforms) = postSolution
		{3DCE7FA0-7F1E-4915-8E1C-FAE0BBA99E8D}.Debug|Any CPU.ActiveCfg = Debug|Any CPU
		{3DCE7FA0-7F1E-4915-8E1C-FAE0BBA99E8D}.Debug|Any CPU.Build.0 = Debug|Any CPU
		{3DCE7FA0-7F1E-4915-8E1C-FAE0BBA99E8D}.Release|Any CPU.ActiveCfg = Release|Any CPU
		{3DCE7FA0-7F1E-4915-8E1C-FAE0BBA99E8D}.Release|Any CPU.Build.0 = Release|Any CPU
		{1B2B93E4-BC2C-4A04-91E7-A1A162E21080}.Debug|Any CPU.ActiveCfg = Debug|Any CPU
		{1B2B93E4-BC2C-4A04-91E7-A1A162E21080}.Debug|Any CPU.Build.0 = Debug|Any CPU
		{1B2B93E4-BC2C-4A04-91E7-A1A162E21080}.Release|Any CPU.ActiveCfg = Release|Any CPU
		{1B2B93E4-BC2C-4A04-91E7-A1A162E21080}.Release|Any CPU.Build.0 = Release|Any CPU
		{4AAAA83C-BEB3-41C1-AF2C-DC460945104E}.Debug|Any CPU.ActiveCfg = Debug|Any CPU
		{4AAAA83C-BEB3-41C1-AF2C-DC460945104E}.Debug|Any CPU.Build.0 = Debug|Any CPU
		{4AAAA83C-BEB3-41C1-AF2C-DC460945104E}.Release|Any CPU.ActiveCfg = Release|Any CPU
		{4AAAA83C-BEB3-41C1-AF2C-DC460945104E}.Release|Any CPU.Build.0 = Release|Any CPU
	EndGlobalSection
	GlobalSection(SolutionProperties) = preSolution
		HideSolutionNode = FALSE
	EndGlobalSection
	GlobalSection(ExtensibilityGlobals) = postSolution
		SolutionGuid = {8BECCB72-62EC-4ECF-B237-9724DF54669D}
	EndGlobalSection
EndGlobal
